// !$*UTF8*$!
{
	archiveVersion = 1;
	classes = {
	};
	objectVersion = 50;
	objects = {

/* Begin PBXBuildFile section */
		FC837C352536C96E00A33F53 /* BlackDragon.cpp in Sources */ = {isa = PBXBuildFile; fileRef = FC837C2A2536C96E00A33F53 /* BlackDragon.cpp */; };
		FC837C362536C96E00A33F53 /* main.cpp in Sources */ = {isa = PBXBuildFile; fileRef = FC837C2D2536C96E00A33F53 /* main.cpp */; };
		FC837C372536C96E00A33F53 /* menu.cpp in Sources */ = {isa = PBXBuildFile; fileRef = FC837C2E2536C96E00A33F53 /* menu.cpp */; };
		FC837C382536C96E00A33F53 /* RedDragon.cpp in Sources */ = {isa = PBXBuildFile; fileRef = FC837C312536C96E00A33F53 /* RedDragon.cpp */; };
		FC837C392536C96E00A33F53 /* Dragon.cpp in Sources */ = {isa = PBXBuildFile; fileRef = FC837C332536C96E00A33F53 /* Dragon.cpp */; };
		FC837C3A2536C96E00A33F53 /* BlueDragon.cpp in Sources */ = {isa = PBXBuildFile; fileRef = FC837C342536C96E00A33F53 /* BlueDragon.cpp */; };
/* End PBXBuildFile section */

/* Begin PBXCopyFilesBuildPhase section */
		FC837C1C2536C93900A33F53 /* CopyFiles */ = {
			isa = PBXCopyFilesBuildPhase;
			buildActionMask = 2147483647;
			dstPath = /usr/share/man/man1/;
			dstSubfolderSpec = 0;
			files = (
			);
			runOnlyForDeploymentPostprocessing = 1;
		};
/* End PBXCopyFilesBuildPhase section */

/* Begin PBXFileReference section */
		FC837C1E2536C93900A33F53 /* Dragon_Lord */ = {isa = PBXFileReference; explicitFileType = "compiled.mach-o.executable"; includeInIndex = 0; path = Dragon_Lord; sourceTree = BUILT_PRODUCTS_DIR; };
		FC837C2A2536C96E00A33F53 /* BlackDragon.cpp */ = {isa = PBXFileReference; fileEncoding = 4; lastKnownFileType = sourcecode.cpp.cpp; path = BlackDragon.cpp; sourceTree = "<group>"; };
		FC837C2B2536C96E00A33F53 /* BlueDragon.h */ = {isa = PBXFileReference; fileEncoding = 4; lastKnownFileType = sourcecode.c.h; path = BlueDragon.h; sourceTree = "<group>"; };
		FC837C2C2536C96E00A33F53 /* BlackDragon.h */ = {isa = PBXFileReference; fileEncoding = 4; lastKnownFileType = sourcecode.c.h; path = BlackDragon.h; sourceTree = "<group>"; };
		FC837C2D2536C96E00A33F53 /* main.cpp */ = {isa = PBXFileReference; fileEncoding = 4; lastKnownFileType = sourcecode.cpp.cpp; path = main.cpp; sourceTree = "<group>"; };
		FC837C2E2536C96E00A33F53 /* menu.cpp */ = {isa = PBXFileReference; fileEncoding = 4; lastKnownFileType = sourcecode.cpp.cpp; path = menu.cpp; sourceTree = "<group>"; };
		FC837C2F2536C96E00A33F53 /* Dragon.h */ = {isa = PBXFileReference; fileEncoding = 4; lastKnownFileType = sourcecode.c.h; path = Dragon.h; sourceTree = "<group>"; };
		FC837C302536C96E00A33F53 /* menu.h */ = {isa = PBXFileReference; fileEncoding = 4; lastKnownFileType = sourcecode.c.h; path = menu.h; sourceTree = "<group>"; };
		FC837C312536C96E00A33F53 /* RedDragon.cpp */ = {isa = PBXFileReference; fileEncoding = 4; lastKnownFileType = sourcecode.cpp.cpp; path = RedDragon.cpp; sourceTree = "<group>"; };
		FC837C322536C96E00A33F53 /* RedDragon.h */ = {isa = PBXFileReference; fileEncoding = 4; lastKnownFileType = sourcecode.c.h; path = RedDragon.h; sourceTree = "<group>"; };
		FC837C332536C96E00A33F53 /* Dragon.cpp */ = {isa = PBXFileReference; fileEncoding = 4; lastKnownFileType = sourcecode.cpp.cpp; path = Dragon.cpp; sourceTree = "<group>"; };
		FC837C342536C96E00A33F53 /* BlueDragon.cpp */ = {isa = PBXFileReference; fileEncoding = 4; lastKnownFileType = sourcecode.cpp.cpp; path = BlueDragon.cpp; sourceTree = "<group>"; };
/* End PBXFileReference section */

/* Begin PBXFrameworksBuildPhase section */
		FC837C1B2536C93900A33F53 /* Frameworks */ = {
			isa = PBXFrameworksBuildPhase;
			buildActionMask = 2147483647;
			files = (
			);
			runOnlyForDeploymentPostprocessing = 0;
		};
/* End PBXFrameworksBuildPhase section */

/* Begin PBXGroup section */
		FC837C152536C93900A33F53 = {
			isa = PBXGroup;
			children = (
				FC837C202536C93900A33F53 /* Dragon_Lord */,
				FC837C1F2536C93900A33F53 /* Products */,
			);
			sourceTree = "<group>";
		};
		FC837C1F2536C93900A33F53 /* Products */ = {
			isa = PBXGroup;
			children = (
				FC837C1E2536C93900A33F53 /* Dragon_Lord */,
			);
			name = Products;
			sourceTree = "<group>";
		};
		FC837C202536C93900A33F53 /* Dragon_Lord */ = {
			isa = PBXGroup;
			children = (
				FC837C2A2536C96E00A33F53 /* BlackDragon.cpp */,
				FC837C2C2536C96E00A33F53 /* BlackDragon.h */,
				FC837C342536C96E00A33F53 /* BlueDragon.cpp */,
				FC837C2B2536C96E00A33F53 /* BlueDragon.h */,
				FC837C332536C96E00A33F53 /* Dragon.cpp */,
				FC837C2F2536C96E00A33F53 /* Dragon.h */,
				FC837C2D2536C96E00A33F53 /* main.cpp */,
				FC837C2E2536C96E00A33F53 /* menu.cpp */,
				FC837C302536C96E00A33F53 /* menu.h */,
				FC837C312536C96E00A33F53 /* RedDragon.cpp */,
				FC837C322536C96E00A33F53 /* RedDragon.h */,
			);
			path = Dragon_Lord;
			sourceTree = "<group>";
		};
/* End PBXGroup section */

/* Begin PBXNativeTarget section */
		FC837C1D2536C93900A33F53 /* Dragon_Lord */ = {
			isa = PBXNativeTarget;
			buildConfigurationList = FC837C252536C93900A33F53 /* Build configuration list for PBXNativeTarget "Dragon_Lord" */;
			buildPhases = (
				FC837C1A2536C93900A33F53 /* Sources */,
				FC837C1B2536C93900A33F53 /* Frameworks */,
				FC837C1C2536C93900A33F53 /* CopyFiles */,
			);
			buildRules = (
			);
			dependencies = (
			);
			name = Dragon_Lord;
			productName = Dragon_Lord;
			productReference = FC837C1E2536C93900A33F53 /* Dragon_Lord */;
			productType = "com.apple.product-type.tool";
		};
/* End PBXNativeTarget section */

/* Begin PBXProject section */
		FC837C162536C93900A33F53 /* Project object */ = {
			isa = PBXProject;
			attributes = {
				LastUpgradeCheck = 1200;
				TargetAttributes = {
					FC837C1D2536C93900A33F53 = {
						CreatedOnToolsVersion = 12.0.1;
					};
				};
			};
			buildConfigurationList = FC837C192536C93900A33F53 /* Build configuration list for PBXProject "Dragon_Lord" */;
			compatibilityVersion = "Xcode 9.3";
			developmentRegion = en;
			hasScannedForEncodings = 0;
			knownRegions = (
				en,
				Base,
			);
			mainGroup = FC837C152536C93900A33F53;
			productRefGroup = FC837C1F2536C93900A33F53 /* Products */;
			projectDirPath = "";
			projectRoot = "";
			targets = (
				FC837C1D2536C93900A33F53 /* Dragon_Lord */,
			);
		};
/* End PBXProject section */

/* Begin PBXSourcesBuildPhase section */
		FC837C1A2536C93900A33F53 /* Sources */ = {
			isa = PBXSourcesBuildPhase;
			buildActionMask = 2147483647;
			files = (
				FC837C3A2536C96E00A33F53 /* BlueDragon.cpp in Sources */,
				FC837C382536C96E00A33F53 /* RedDragon.cpp in Sources */,
				FC837C362536C96E00A33F53 /* main.cpp in Sources */,
				FC837C352536C96E00A33F53 /* BlackDragon.cpp in Sources */,
				FC837C372536C96E00A33F53 /* menu.cpp in Sources */,
				FC837C392536C96E00A33F53 /* Dragon.cpp in Sources */,
			);
			runOnlyForDeploymentPostprocessing = 0;
		};
/* End PBXSourcesBuildPhase section */

/* Begin XCBuildConfiguration section */
		FC837C232536C93900A33F53 /* Debug */ = {
			isa = XCBuildConfiguration;
			buildSettings = {
				ALWAYS_SEARCH_USER_PATHS = NO;
				CLANG_ANALYZER_NONNULL = YES;
				CLANG_ANALYZER_NUMBER_OBJECT_CONVERSION = YES_AGGRESSIVE;
				CLANG_CXX_LANGUAGE_STANDARD = "gnu++14";
				CLANG_CXX_LIBRARY = "libc++";
				CLANG_ENABLE_MODULES = YES;
				CLANG_ENABLE_OBJC_ARC = YES;
				CLANG_ENABLE_OBJC_WEAK = YES;
				CLANG_WARN_BLOCK_CAPTURE_AUTORELEASING = YES;
				CLANG_WARN_BOOL_CONVERSION = YES;
				CLANG_WARN_COMMA = YES;
				CLANG_WARN_CONSTANT_CONVERSION = YES;
				CLANG_WARN_DEPRECATED_OBJC_IMPLEMENTATIONS = YES;
				CLANG_WARN_DIRECT_OBJC_ISA_USAGE = YES_ERROR;
				CLANG_WARN_DOCUMENTATION_COMMENTS = YES;
				CLANG_WARN_EMPTY_BODY = YES;
				CLANG_WARN_ENUM_CONVERSION = YES;
				CLANG_WARN_INFINITE_RECURSION = YES;
				CLANG_WARN_INT_CONVERSION = YES;
				CLANG_WARN_NON_LITERAL_NULL_CONVERSION = YES;
				CLANG_WARN_OBJC_IMPLICIT_RETAIN_SELF = YES;
				CLANG_WARN_OBJC_LITERAL_CONVERSION = YES;
				CLANG_WARN_OBJC_ROOT_CLASS = YES_ERROR;
				CLANG_WARN_QUOTED_INCLUDE_IN_FRAMEWORK_HEADER = YES;
				CLANG_WARN_RANGE_LOOP_ANALYSIS = YES;
				CLANG_WARN_STRICT_PROTOTYPES = YES;
				CLANG_WARN_SUSPICIOUS_MOVE = YES;
				CLANG_WARN_UNGUARDED_AVAILABILITY = YES_AGGRESSIVE;
				CLANG_WARN_UNREACHABLE_CODE = YES;
				CLANG_WARN__DUPLICATE_METHOD_MATCH = YES;
				COPY_PHASE_STRIP = NO;
				DEBUG_INFORMATION_FORMAT = dwarf;
				ENABLE_STRICT_OBJC_MSGSEND = YES;
				ENABLE_TESTABILITY = YES;
				GCC_C_LANGUAGE_STANDARD = gnu11;
				GCC_DYNAMIC_NO_PIC = NO;
				GCC_NO_COMMON_BLOCKS = YES;
				GCC_OPTIMIZATION_LEVEL = 0;
				GCC_PREPROCESSOR_DEFINITIONS = (
					"DEBUG=1",
					"$(inherited)",
				);
				GCC_WARN_64_TO_32_BIT_CONVERSION = YES;
				GCC_WARN_ABOUT_RETURN_TYPE = YES_ERROR;
				GCC_WARN_UNDECLARED_SELECTOR = YES;
				GCC_WARN_UNINITIALIZED_AUTOS = YES_AGGRESSIVE;
				GCC_WARN_UNUSED_FUNCTION = YES;
				GCC_WARN_UNUSED_VARIABLE = YES;
				MACOSX_DEPLOYMENT_TARGET = 10.15;
				MTL_ENABLE_DEBUG_INFO = INCLUDE_SOURCE;
				MTL_FAST_MATH = YES;
				ONLY_ACTIVE_ARCH = YES;
				SDKROOT = macosx;
			};
			name = Debug;
		};
		FC837C242536C93900A33F53 /* Release */ = {
			isa = XCBuildConfiguration;
			buildSettings = {
				ALWAYS_SEARCH_USER_PATHS = NO;
				CLANG_ANALYZER_NONNULL = YES;
				CLANG_ANALYZER_NUMBER_OBJECT_CONVERSION = YES_AGGRESSIVE;
				CLANG_CXX_LANGUAGE_STANDARD = "gnu++14";
				CLANG_CXX_LIBRARY = "libc++";
				CLANG_ENABLE_MODULES = YES;
				CLANG_ENABLE_OBJC_ARC = YES;
				CLANG_ENABLE_OBJC_WEAK = YES;
				CLANG_WARN_BLOCK_CAPTURE_AUTORELEASING = YES;
				CLANG_WARN_BOOL_CONVERSION = YES;
				CLANG_WARN_COMMA = YES;
				CLANG_WARN_CONSTANT_CONVERSION = YES;
				CLANG_WARN_DEPRECATED_OBJC_IMPLEMENTATIONS = YES;
				CLANG_WARN_DIRECT_OBJC_ISA_USAGE = YES_ERROR;
				CLANG_WARN_DOCUMENTATION_COMMENTS = YES;
				CLANG_WARN_EMPTY_BODY = YES;
				CLANG_WARN_ENUM_CONVERSION = YES;
				CLANG_WARN_INFINITE_RECURSION = YES;
				CLANG_WARN_INT_CONVERSION = YES;
				CLANG_WARN_NON_LITERAL_NULL_CONVERSION = YES;
				CLANG_WARN_OBJC_IMPLICIT_RETAIN_SELF = YES;
				CLANG_WARN_OBJC_LITERAL_CONVERSION = YES;
				CLANG_WARN_OBJC_ROOT_CLASS = YES_ERROR;
				CLANG_WARN_QUOTED_INCLUDE_IN_FRAMEWORK_HEADER = YES;
				CLANG_WARN_RANGE_LOOP_ANALYSIS = YES;
				CLANG_WARN_STRICT_PROTOTYPES = YES;
				CLANG_WARN_SUSPICIOUS_MOVE = YES;
				CLANG_WARN_UNGUARDED_AVAILABILITY = YES_AGGRESSIVE;
				CLANG_WARN_UNREACHABLE_CODE = YES;
				CLANG_WARN__DUPLICATE_METHOD_MATCH = YES;
				COPY_PHASE_STRIP = NO;
				DEBUG_INFORMATION_FORMAT = "dwarf-with-dsym";
				ENABLE_NS_ASSERTIONS = NO;
				ENABLE_STRICT_OBJC_MSGSEND = YES;
				GCC_C_LANGUAGE_STANDARD = gnu11;
				GCC_NO_COMMON_BLOCKS = YES;
				GCC_WARN_64_TO_32_BIT_CONVERSION = YES;
				GCC_WARN_ABOUT_RETURN_TYPE = YES_ERROR;
				GCC_WARN_UNDECLARED_SELECTOR = YES;
				GCC_WARN_UNINITIALIZED_AUTOS = YES_AGGRESSIVE;
				GCC_WARN_UNUSED_FUNCTION = YES;
				GCC_WARN_UNUSED_VARIABLE = YES;
				MACOSX_DEPLOYMENT_TARGET = 10.15;
				MTL_ENABLE_DEBUG_INFO = NO;
				MTL_FAST_MATH = YES;
				SDKROOT = macosx;
			};
			name = Release;
		};
		FC837C262536C93900A33F53 /* Debug */ = {
			isa = XCBuildConfiguration;
			buildSettings = {
				CODE_SIGN_STYLE = Automatic;
				DEVELOPMENT_TEAM = H6T28W7N9T;
				ENABLE_HARDENED_RUNTIME = YES;
				PRODUCT_NAME = "$(TARGET_NAME)";
			};
			name = Debug;
		};
		FC837C272536C93900A33F53 /* Release */ = {
			isa = XCBuildConfiguration;
			buildSettings = {
				CODE_SIGN_STYLE = Automatic;
				DEVELOPMENT_TEAM = H6T28W7N9T;
				ENABLE_HARDENED_RUNTIME = YES;
				PRODUCT_NAME = "$(TARGET_NAME)";
			};
			name = Release;
		};
/* End XCBuildConfiguration section */

/* Begin XCConfigurationList section */
		FC837C192536C93900A33F53 /* Build configuration list for PBXProject "Dragon_Lord" */ = {
			isa = XCConfigurationList;
			buildConfigurations = (
				FC837C232536C93900A33F53 /* Debug */,
				FC837C242536C93900A33F53 /* Release */,
			);
			defaultConfigurationIsVisible = 0;
			defaultConfigurationName = Release;
		};
		FC837C252536C93900A33F53 /* Build configuration list for PBXNativeTarget "Dragon_Lord" */ = {
			isa = XCConfigurationList;
			buildConfigurations = (
				FC837C262536C93900A33F53 /* Debug */,
				FC837C272536C93900A33F53 /* Release */,
			);
			defaultConfigurationIsVisible = 0;
			defaultConfigurationName = Release;
		};
/* End XCConfigurationList section */
	};
	rootObject = FC837C162536C93900A33F53 /* Project object */;
}
